
Microsoft Visual Studio Solution File, Format Version 12.00
# Visual Studio Version 16
VisualStudioVersion = 16.0.32228.343
MinimumVisualStudioVersion = 10.0.40219.1
Project("{9A19103F-16F7-4668-BE54-9A1E7A4F7556}") = "1. Ej-01", "Ej-01\1. Ej-01.csproj", "{BFF39B1D-7A19-4137-A893-A2027855B270}"
EndProject
Project("{9A19103F-16F7-4668-BE54-9A1E7A4F7556}") = "1. Ej-02", "Ej-02\1. Ej-02.csproj", "{A235BA08-B434-4B2E-94EB-1338C9164465}"
EndProject
Project("{9A19103F-16F7-4668-BE54-9A1E7A4F7556}") = "1. Ej-03", "Ej-03\1. Ej-03.csproj", "{1B5C7027-6FA4-4E66-866E-F8BE936FCD92}"
EndProject
Project("{9A19103F-16F7-4668-BE54-9A1E7A4F7556}") = "Ejer-Clase02", "Ejer-Clase02\Ejer-Clase02.csproj", "{2EF623F5-1574-4252-AFD0-A13B27377DD2}"
EndProject
Project("{9A19103F-16F7-4668-BE54-9A1E7A4F7556}") = "Ejer-Clase04", "Ejer-Clase04\Ejer-Clase04.csproj", "{6F172284-FF41-4234-A1A7-A520225000E5}"
EndProject
Project("{9A19103F-16F7-4668-BE54-9A1E7A4F7556}") = "Library", "Library\Library.csproj", "{41605AC2-FEAB-4D14-A88D-8B5C53624896}"
EndProject
Project("{9A19103F-16F7-4668-BE54-9A1E7A4F7556}") = "Ejer-Clase06", "Ejer-Clase06\Ejer-Clase06.csproj", "{5034D461-E011-40B3-9B33-50A195B4C0DB}"
EndProject
Project("{9A19103F-16F7-4668-BE54-9A1E7A4F7556}") = "1. Ej-04", "Ej-04\1. Ej-04.csproj", "{347581CF-3163-47D4-9F9C-4282D36B5063}"
EndProject
Project("{2150E333-8FDC-42A3-9474-1A3956D46DE8}") = "Ejercicios", "Ejercicios", "{169F6F1F-EDB2-4282-8B68-213486D6AE38}"
EndProject
Project("{2150E333-8FDC-42A3-9474-1A3956D46DE8}") = "Ejercicios en clase", "Ejercicios en clase", "{DA1DED6A-77C2-4679-9E1C-9261F92A55C2}"
EndProject
Project("{2150E333-8FDC-42A3-9474-1A3956D46DE8}") = "1. Introduccion a C sharp", "1. Introduccion a C sharp", "{5AAAC808-8508-4BF2-87F5-C5E5048659C0}"
EndProject
Project("{2150E333-8FDC-42A3-9474-1A3956D46DE8}") = "2. Clases y metodos estaticos", "2. Clases y metodos estaticos", "{AC36C405-C1E3-411D-9D48-87E309417AE9}"
EndProject
Project("{9A19103F-16F7-4668-BE54-9A1E7A4F7556}") = "2. Ej-01", "2. Ej-01\2. Ej-01.csproj", "{609F49E3-A871-4D6B-94CF-227FBE9FAE1F}"
EndProject
Project("{9A19103F-16F7-4668-BE54-9A1E7A4F7556}") = "2. Ej-02", "2. Ej-02\2. Ej-02.csproj", "{2FA3DCFF-78ED-4D27-B269-4F865ECD8624}"
EndProject
Project("{9A19103F-16F7-4668-BE54-9A1E7A4F7556}") = "Validadores", "Validador\Validadores.csproj", "{391AB261-C140-4F85-9C8E-4E287DC6646D}"
EndProject
Project("{9A19103F-16F7-4668-BE54-9A1E7A4F7556}") = "2. Ej-03", "2. Ej-03\2. Ej-03.csproj", "{AC503D46-840D-48E5-A925-65E50039AD0F}"
EndProject
Project("{2150E333-8FDC-42A3-9474-1A3956D46DE8}") = "3. Programacion orientada a objetos", "3. Programacion orientada a objetos", "{AE1EEBFA-E998-4646-99C3-969FA3EC073E}"
EndProject
Project("{9A19103F-16F7-4668-BE54-9A1E7A4F7556}") = "3. Ej-01", "3. Ej-01\3. Ej-01.csproj", "{0D9D1A97-801B-4913-9BBE-8DA51220CD50}"
EndProject
Project("{9A19103F-16F7-4668-BE54-9A1E7A4F7556}") = "ClaseProgObj", "ClaseProgObj\ClaseProgObj.csproj", "{78F4DB68-15E6-4525-916D-A0E9547FB28B}"
EndProject
Project("{9A19103F-16F7-4668-BE54-9A1E7A4F7556}") = "Library-ProgObj", "Library-ProgObj\Library-ProgObj.csproj", "{F378F507-17E2-4041-BC88-63AC3847307D}"
EndProject
Project("{9A19103F-16F7-4668-BE54-9A1E7A4F7556}") = "3. Ej-02", "3. Ej-02\3. Ej-02.csproj", "{58AE0155-7B8D-429A-B7B9-7959980D2749}"
EndProject
Project("{FAE04EC0-301F-11D3-BF4B-00C04F79EFBC}") = "ClaseProgObjUI", "ClaseProgObj02\ClaseProgObjUI.csproj", "{444CA7BD-452B-4114-B278-C54C2D343B21}"
EndProject
Project("{FAE04EC0-301F-11D3-BF4B-00C04F79EFBC}") = "Logica", "Logica\Logica.csproj", "{FD527C8F-FB85-4013-8F4A-A17F56B01A5E}"
EndProject
Global
	GlobalSection(SolutionConfigurationPlatforms) = preSolution
		Debug|Any CPU = Debug|Any CPU
		Release|Any CPU = Release|Any CPU
	EndGlobalSection
	GlobalSection(ProjectConfigurationPlatforms) = postSolution
		{BFF39B1D-7A19-4137-A893-A2027855B270}.Debug|Any CPU.ActiveCfg = Debug|Any CPU
		{BFF39B1D-7A19-4137-A893-A2027855B270}.Debug|Any CPU.Build.0 = Debug|Any CPU
		{BFF39B1D-7A19-4137-A893-A2027855B270}.Release|Any CPU.ActiveCfg = Release|Any CPU
		{BFF39B1D-7A19-4137-A893-A2027855B270}.Release|Any CPU.Build.0 = Release|Any CPU
		{A235BA08-B434-4B2E-94EB-1338C9164465}.Debug|Any CPU.ActiveCfg = Debug|Any CPU
		{A235BA08-B434-4B2E-94EB-1338C9164465}.Debug|Any CPU.Build.0 = Debug|Any CPU
		{A235BA08-B434-4B2E-94EB-1338C9164465}.Release|Any CPU.ActiveCfg = Release|Any CPU
		{A235BA08-B434-4B2E-94EB-1338C9164465}.Release|Any CPU.Build.0 = Release|Any CPU
		{1B5C7027-6FA4-4E66-866E-F8BE936FCD92}.Debug|Any CPU.ActiveCfg = Debug|Any CPU
		{1B5C7027-6FA4-4E66-866E-F8BE936FCD92}.Debug|Any CPU.Build.0 = Debug|Any CPU
		{1B5C7027-6FA4-4E66-866E-F8BE936FCD92}.Release|Any CPU.ActiveCfg = Release|Any CPU
		{1B5C7027-6FA4-4E66-866E-F8BE936FCD92}.Release|Any CPU.Build.0 = Release|Any CPU
		{2EF623F5-1574-4252-AFD0-A13B27377DD2}.Debug|Any CPU.ActiveCfg = Debug|Any CPU
		{2EF623F5-1574-4252-AFD0-A13B27377DD2}.Debug|Any CPU.Build.0 = Debug|Any CPU
		{2EF623F5-1574-4252-AFD0-A13B27377DD2}.Release|Any CPU.ActiveCfg = Release|Any CPU
		{2EF623F5-1574-4252-AFD0-A13B27377DD2}.Release|Any CPU.Build.0 = Release|Any CPU
		{6F172284-FF41-4234-A1A7-A520225000E5}.Debug|Any CPU.ActiveCfg = Debug|Any CPU
		{6F172284-FF41-4234-A1A7-A520225000E5}.Debug|Any CPU.Build.0 = Debug|Any CPU
		{6F172284-FF41-4234-A1A7-A520225000E5}.Release|Any CPU.ActiveCfg = Release|Any CPU
		{6F172284-FF41-4234-A1A7-A520225000E5}.Release|Any CPU.Build.0 = Release|Any CPU
		{41605AC2-FEAB-4D14-A88D-8B5C53624896}.Debug|Any CPU.ActiveCfg = Debug|Any CPU
		{41605AC2-FEAB-4D14-A88D-8B5C53624896}.Debug|Any CPU.Build.0 = Debug|Any CPU
		{41605AC2-FEAB-4D14-A88D-8B5C53624896}.Release|Any CPU.ActiveCfg = Release|Any CPU
		{41605AC2-FEAB-4D14-A88D-8B5C53624896}.Release|Any CPU.Build.0 = Release|Any CPU
		{5034D461-E011-40B3-9B33-50A195B4C0DB}.Debug|Any CPU.ActiveCfg = Debug|Any CPU
		{5034D461-E011-40B3-9B33-50A195B4C0DB}.Debug|Any CPU.Build.0 = Debug|Any CPU
		{5034D461-E011-40B3-9B33-50A195B4C0DB}.Release|Any CPU.ActiveCfg = Release|Any CPU
		{5034D461-E011-40B3-9B33-50A195B4C0DB}.Release|Any CPU.Build.0 = Release|Any CPU
		{347581CF-3163-47D4-9F9C-4282D36B5063}.Debug|Any CPU.ActiveCfg = Debug|Any CPU
		{347581CF-3163-47D4-9F9C-4282D36B5063}.Debug|Any CPU.Build.0 = Debug|Any CPU
		{347581CF-3163-47D4-9F9C-4282D36B5063}.Release|Any CPU.ActiveCfg = Release|Any CPU
		{347581CF-3163-47D4-9F9C-4282D36B5063}.Release|Any CPU.Build.0 = Release|Any CPU
		{609F49E3-A871-4D6B-94CF-227FBE9FAE1F}.Debug|Any CPU.ActiveCfg = Debug|Any CPU
		{609F49E3-A871-4D6B-94CF-227FBE9FAE1F}.Debug|Any CPU.Build.0 = Debug|Any CPU
		{609F49E3-A871-4D6B-94CF-227FBE9FAE1F}.Release|Any CPU.ActiveCfg = Release|Any CPU
		{609F49E3-A871-4D6B-94CF-227FBE9FAE1F}.Release|Any CPU.Build.0 = Release|Any CPU
		{2FA3DCFF-78ED-4D27-B269-4F865ECD8624}.Debug|Any CPU.ActiveCfg = Debug|Any CPU
		{2FA3DCFF-78ED-4D27-B269-4F865ECD8624}.Debug|Any CPU.Build.0 = Debug|Any CPU
		{2FA3DCFF-78ED-4D27-B269-4F865ECD8624}.Release|Any CPU.ActiveCfg = Release|Any CPU
		{2FA3DCFF-78ED-4D27-B269-4F865ECD8624}.Release|Any CPU.Build.0 = Release|Any CPU
		{391AB261-C140-4F85-9C8E-4E287DC6646D}.Debug|Any CPU.ActiveCfg = Debug|Any CPU
		{391AB261-C140-4F85-9C8E-4E287DC6646D}.Debug|Any CPU.Build.0 = Debug|Any CPU
		{391AB261-C140-4F85-9C8E-4E287DC6646D}.Release|Any CPU.ActiveCfg = Release|Any CPU
		{391AB261-C140-4F85-9C8E-4E287DC6646D}.Release|Any CPU.Build.0 = Release|Any CPU
		{AC503D46-840D-48E5-A925-65E50039AD0F}.Debug|Any CPU.ActiveCfg = Debug|Any CPU
		{AC503D46-840D-48E5-A925-65E50039AD0F}.Debug|Any CPU.Build.0 = Debug|Any CPU
		{AC503D46-840D-48E5-A925-65E50039AD0F}.Release|Any CPU.ActiveCfg = Release|Any CPU
		{AC503D46-840D-48E5-A925-65E50039AD0F}.Release|Any CPU.Build.0 = Release|Any CPU
		{0D9D1A97-801B-4913-9BBE-8DA51220CD50}.Debug|Any CPU.ActiveCfg = Debug|Any CPU
		{0D9D1A97-801B-4913-9BBE-8DA51220CD50}.Debug|Any CPU.Build.0 = Debug|Any CPU
		{0D9D1A97-801B-4913-9BBE-8DA51220CD50}.Release|Any CPU.ActiveCfg = Release|Any CPU
		{0D9D1A97-801B-4913-9BBE-8DA51220CD50}.Release|Any CPU.Build.0 = Release|Any CPU
		{78F4DB68-15E6-4525-916D-A0E9547FB28B}.Debug|Any CPU.ActiveCfg = Debug|Any CPU
		{78F4DB68-15E6-4525-916D-A0E9547FB28B}.Debug|Any CPU.Build.0 = Debug|Any CPU
		{78F4DB68-15E6-4525-916D-A0E9547FB28B}.Release|Any CPU.ActiveCfg = Release|Any CPU
		{78F4DB68-15E6-4525-916D-A0E9547FB28B}.Release|Any CPU.Build.0 = Release|Any CPU
		{F378F507-17E2-4041-BC88-63AC3847307D}.Debug|Any CPU.ActiveCfg = Debug|Any CPU
		{F378F507-17E2-4041-BC88-63AC3847307D}.Debug|Any CPU.Build.0 = Debug|Any CPU
		{F378F507-17E2-4041-BC88-63AC3847307D}.Release|Any CPU.ActiveCfg = Release|Any CPU
		{F378F507-17E2-4041-BC88-63AC3847307D}.Release|Any CPU.Build.0 = Release|Any CPU
		{58AE0155-7B8D-429A-B7B9-7959980D2749}.Debug|Any CPU.ActiveCfg = Debug|Any CPU
		{58AE0155-7B8D-429A-B7B9-7959980D2749}.Debug|Any CPU.Build.0 = Debug|Any CPU
		{58AE0155-7B8D-429A-B7B9-7959980D2749}.Release|Any CPU.ActiveCfg = Release|Any CPU
		{58AE0155-7B8D-429A-B7B9-7959980D2749}.Release|Any CPU.Build.0 = Release|Any CPU
		{444CA7BD-452B-4114-B278-C54C2D343B21}.Debug|Any CPU.ActiveCfg = Debug|Any CPU
		{444CA7BD-452B-4114-B278-C54C2D343B21}.Debug|Any CPU.Build.0 = Debug|Any CPU
		{444CA7BD-452B-4114-B278-C54C2D343B21}.Release|Any CPU.ActiveCfg = Release|Any CPU
		{444CA7BD-452B-4114-B278-C54C2D343B21}.Release|Any CPU.Build.0 = Release|Any CPU
		{FD527C8F-FB85-4013-8F4A-A17F56B01A5E}.Debug|Any CPU.ActiveCfg = Debug|Any CPU
		{FD527C8F-FB85-4013-8F4A-A17F56B01A5E}.Debug|Any CPU.Build.0 = Debug|Any CPU
		{FD527C8F-FB85-4013-8F4A-A17F56B01A5E}.Release|Any CPU.ActiveCfg = Release|Any CPU
		{FD527C8F-FB85-4013-8F4A-A17F56B01A5E}.Release|Any CPU.Build.0 = Release|Any CPU
	EndGlobalSection
	GlobalSection(SolutionProperties) = preSolution
		HideSolutionNode = FALSE
	EndGlobalSection
	GlobalSection(NestedProjects) = preSolution
		{BFF39B1D-7A19-4137-A893-A2027855B270} = {5AAAC808-8508-4BF2-87F5-C5E5048659C0}
		{A235BA08-B434-4B2E-94EB-1338C9164465} = {5AAAC808-8508-4BF2-87F5-C5E5048659C0}
		{1B5C7027-6FA4-4E66-866E-F8BE936FCD92} = {5AAAC808-8508-4BF2-87F5-C5E5048659C0}
		{2EF623F5-1574-4252-AFD0-A13B27377DD2} = {DA1DED6A-77C2-4679-9E1C-9261F92A55C2}
		{6F172284-FF41-4234-A1A7-A520225000E5} = {DA1DED6A-77C2-4679-9E1C-9261F92A55C2}
		{5034D461-E011-40B3-9B33-50A195B4C0DB} = {DA1DED6A-77C2-4679-9E1C-9261F92A55C2}
		{347581CF-3163-47D4-9F9C-4282D36B5063} = {5AAAC808-8508-4BF2-87F5-C5E5048659C0}
		{5AAAC808-8508-4BF2-87F5-C5E5048659C0} = {169F6F1F-EDB2-4282-8B68-213486D6AE38}
		{AC36C405-C1E3-411D-9D48-87E309417AE9} = {169F6F1F-EDB2-4282-8B68-213486D6AE38}
		{609F49E3-A871-4D6B-94CF-227FBE9FAE1F} = {AC36C405-C1E3-411D-9D48-87E309417AE9}
		{2FA3DCFF-78ED-4D27-B269-4F865ECD8624} = {AC36C405-C1E3-411D-9D48-87E309417AE9}
		{391AB261-C140-4F85-9C8E-4E287DC6646D} = {AC36C405-C1E3-411D-9D48-87E309417AE9}
		{AC503D46-840D-48E5-A925-65E50039AD0F} = {AC36C405-C1E3-411D-9D48-87E309417AE9}
		{AE1EEBFA-E998-4646-99C3-969FA3EC073E} = {169F6F1F-EDB2-4282-8B68-213486D6AE38}
		{0D9D1A97-801B-4913-9BBE-8DA51220CD50} = {AE1EEBFA-E998-4646-99C3-969FA3EC073E}
		{78F4DB68-15E6-4525-916D-A0E9547FB28B} = {DA1DED6A-77C2-4679-9E1C-9261F92A55C2}
		{F378F507-17E2-4041-BC88-63AC3847307D} = {AE1EEBFA-E998-4646-99C3-969FA3EC073E}
		{58AE0155-7B8D-429A-B7B9-7959980D2749} = {AE1EEBFA-E998-4646-99C3-969FA3EC073E}
		{444CA7BD-452B-4114-B278-C54C2D343B21} = {DA1DED6A-77C2-4679-9E1C-9261F92A55C2}
		{FD527C8F-FB85-4013-8F4A-A17F56B01A5E} = {DA1DED6A-77C2-4679-9E1C-9261F92A55C2}
	EndGlobalSection
	GlobalSection(ExtensibilityGlobals) = postSolution
		SolutionGuid = {5ECDEF52-F51F-4536-9EF1-59577D960A92}
	EndGlobalSection
EndGlobal
